
Microsoft Visual Studio Solution File, Format Version 12.00
# Visual Studio Version 17
VisualStudioVersion = 17.1.32421.90
MinimumVisualStudioVersion = 10.0.40219.1
Project("{FAE04EC0-301F-11D3-BF4B-00C04F79EFBC}") = "StringDemo", "StringDemo\StringDemo.csproj", "{3671802D-53C4-4508-BF4B-5713F363C6CE}"
EndProject
Global
	GlobalSection(SolutionConfigurationPlatforms) = preSolution
		Debug|Any CPU = Debug|Any CPU
		Release|Any CPU = Release|Any CPU
	EndGlobalSection
	GlobalSection(ProjectConfigurationPlatforms) = postSolution
		{3671802D-53C4-4508-BF4B-5713F363C6CE}.Debug|Any CPU.ActiveCfg = Debug|Any CPU
		{3671802D-53C4-4508-BF4B-5713F363C6CE}.Debug|Any CPU.Build.0 = Debug|Any CPU
		{3671802D-53C4-4508-BF4B-5713F363C6CE}.Release|Any CPU.ActiveCfg = Release|Any CPU
		{3671802D-53C4-4508-BF4B-5713F363C6CE}.Release|Any CPU.Build.0 = Release|Any CPU
	EndGlobalSection
	GlobalSection(SolutionProperties) = preSolution
		HideSolutionNode = FALSE
	EndGlobalSection
	GlobalSection(ExtensibilityGlobals) = postSolution
		SolutionGuid = {60960E6D-F363-46FC-9DFD-76F04BF3A264}
	EndGlobalSection
EndGlobal
